
Microsoft Visual Studio Solution File, Format Version 12.00
# Visual Studio Version 16
VisualStudioVersion = 16.0.31729.503
MinimumVisualStudioVersion = 10.0.40219.1
Project("{FAE04EC0-301F-11D3-BF4B-00C04F79EFBC}") = "BookStore.Model", "BookStore.Model\BookStore.Model.csproj", "{C579D8A0-3AA6-43E8-96D7-0B02548AA7AB}"
EndProject
Project("{FAE04EC0-301F-11D3-BF4B-00C04F79EFBC}") = "BookStore.Data", "BookStore.Data\BookStore.Data.csproj", "{1586C9DB-F579-4997-B531-AEA538AD8217}"
EndProject
Project("{FAE04EC0-301F-11D3-BF4B-00C04F79EFBC}") = "BookStore.Service", "BookStore.Service\BookStore.Service.csproj", "{6C7A2D8F-47B1-4BD6-83E8-60D8CB07B4E0}"
EndProject
Project("{FAE04EC0-301F-11D3-BF4B-00C04F79EFBC}") = "BookStore.Web", "BookStore.Web\BookStore.Web.csproj", "{2B6B6EE7-E645-4210-B671-133CBEDBB2E4}"
EndProject
Global
	GlobalSection(SolutionConfigurationPlatforms) = preSolution
		Debug|Any CPU = Debug|Any CPU
		Release|Any CPU = Release|Any CPU
	EndGlobalSection
	GlobalSection(ProjectConfigurationPlatforms) = postSolution
		{C579D8A0-3AA6-43E8-96D7-0B02548AA7AB}.Debug|Any CPU.ActiveCfg = Debug|Any CPU
		{C579D8A0-3AA6-43E8-96D7-0B02548AA7AB}.Debug|Any CPU.Build.0 = Debug|Any CPU
		{C579D8A0-3AA6-43E8-96D7-0B02548AA7AB}.Release|Any CPU.ActiveCfg = Release|Any CPU
		{C579D8A0-3AA6-43E8-96D7-0B02548AA7AB}.Release|Any CPU.Build.0 = Release|Any CPU
		{1586C9DB-F579-4997-B531-AEA538AD8217}.Debug|Any CPU.ActiveCfg = Debug|Any CPU
		{1586C9DB-F579-4997-B531-AEA538AD8217}.Debug|Any CPU.Build.0 = Debug|Any CPU
		{1586C9DB-F579-4997-B531-AEA538AD8217}.Release|Any CPU.ActiveCfg = Release|Any CPU
		{1586C9DB-F579-4997-B531-AEA538AD8217}.Release|Any CPU.Build.0 = Release|Any CPU
		{6C7A2D8F-47B1-4BD6-83E8-60D8CB07B4E0}.Debug|Any CPU.ActiveCfg = Debug|Any CPU
		{6C7A2D8F-47B1-4BD6-83E8-60D8CB07B4E0}.Debug|Any CPU.Build.0 = Debug|Any CPU
		{6C7A2D8F-47B1-4BD6-83E8-60D8CB07B4E0}.Release|Any CPU.ActiveCfg = Release|Any CPU
		{6C7A2D8F-47B1-4BD6-83E8-60D8CB07B4E0}.Release|Any CPU.Build.0 = Release|Any CPU
		{2B6B6EE7-E645-4210-B671-133CBEDBB2E4}.Debug|Any CPU.ActiveCfg = Debug|Any CPU
		{2B6B6EE7-E645-4210-B671-133CBEDBB2E4}.Debug|Any CPU.Build.0 = Debug|Any CPU
		{2B6B6EE7-E645-4210-B671-133CBEDBB2E4}.Release|Any CPU.ActiveCfg = Release|Any CPU
		{2B6B6EE7-E645-4210-B671-133CBEDBB2E4}.Release|Any CPU.Build.0 = Release|Any CPU
	EndGlobalSection
	GlobalSection(SolutionProperties) = preSolution
		HideSolutionNode = FALSE
	EndGlobalSection
	GlobalSection(ExtensibilityGlobals) = postSolution
		SolutionGuid = {A06EE065-4B84-4907-83B7-A5727CE6BCA2}
	EndGlobalSection
EndGlobal
